
Microsoft Visual Studio Solution File, Format Version 12.00
# Visual Studio Version 16
VisualStudioVersion = 16.0.30503.244
MinimumVisualStudioVersion = 10.0.40219.1
Project("{FAE04EC0-301F-11D3-BF4B-00C04F79EFBC}") = "RemoveStrikeDotNetFrame", "RemoveStrikeDotNet\RemoveStrikeDotNetFrame.csproj", "{CC406DE4-A9F7-4303-B99A-893C68D4CC32}"
EndProject
Global
	GlobalSection(SolutionConfigurationPlatforms) = preSolution
		Debug|Any CPU = Debug|Any CPU
		Release|Any CPU = Release|Any CPU
	EndGlobalSection
	GlobalSection(ProjectConfigurationPlatforms) = postSolution
		{CC406DE4-A9F7-4303-B99A-893C68D4CC32}.Debug|Any CPU.ActiveCfg = Debug|Any CPU
		{CC406DE4-A9F7-4303-B99A-893C68D4CC32}.Debug|Any CPU.Build.0 = Debug|Any CPU
		{CC406DE4-A9F7-4303-B99A-893C68D4CC32}.Release|Any CPU.ActiveCfg = Release|Any CPU
		{CC406DE4-A9F7-4303-B99A-893C68D4CC32}.Release|Any CPU.Build.0 = Release|Any CPU
	EndGlobalSection
	GlobalSection(SolutionProperties) = preSolution
		HideSolutionNode = FALSE
	EndGlobalSection
	GlobalSection(ExtensibilityGlobals) = postSolution
		SolutionGuid = {2E66BB61-CB20-4901-94CF-BB986E2E9C39}
	EndGlobalSection
EndGlobal
