
Microsoft Visual Studio Solution File, Format Version 12.00
# Visual Studio Version 17
VisualStudioVersion = 17.7.34221.43
MinimumVisualStudioVersion = 10.0.40219.1
Project("{FAE04EC0-301F-11D3-BF4B-00C04F79EFBC}") = "CsAsyncCpp", "CsAsyncCpp\CsAsyncCpp.csproj", "{F58186E7-948F-4F75-A5FD-6BEE6F0D1D7F}"
EndProject
Global
	GlobalSection(SolutionConfigurationPlatforms) = preSolution
		Debug|Any CPU = Debug|Any CPU
		Release|Any CPU = Release|Any CPU
	EndGlobalSection
	GlobalSection(ProjectConfigurationPlatforms) = postSolution
		{F58186E7-948F-4F75-A5FD-6BEE6F0D1D7F}.Debug|Any CPU.ActiveCfg = Debug|Any CPU
		{F58186E7-948F-4F75-A5FD-6BEE6F0D1D7F}.Debug|Any CPU.Build.0 = Debug|Any CPU
		{F58186E7-948F-4F75-A5FD-6BEE6F0D1D7F}.Release|Any CPU.ActiveCfg = Release|Any CPU
		{F58186E7-948F-4F75-A5FD-6BEE6F0D1D7F}.Release|Any CPU.Build.0 = Release|Any CPU
	EndGlobalSection
	GlobalSection(SolutionProperties) = preSolution
		HideSolutionNode = FALSE
	EndGlobalSection
	GlobalSection(ExtensibilityGlobals) = postSolution
		SolutionGuid = {16506170-E17F-4776-B86D-92E282047762}
	EndGlobalSection
EndGlobal
