
Microsoft Visual Studio Solution File, Format Version 12.00
# Visual Studio Version 17
VisualStudioVersion = 17.7.34221.43
MinimumVisualStudioVersion = 10.0.40219.1
Project("{FAE04EC0-301F-11D3-BF4B-00C04F79EFBC}") = "WinFormMultiLanguage", "WinFormMultiLanguage\WinFormMultiLanguage.csproj", "{690BA38A-B475-4880-9932-FB9F462FBC41}"
EndProject
Project("{FAE04EC0-301F-11D3-BF4B-00C04F79EFBC}") = "SubFormDll", "SubFormDll\SubFormDll.csproj", "{D1DD88B6-7359-4068-8BC6-B5EBB7E9033E}"
EndProject
Global
	GlobalSection(SolutionConfigurationPlatforms) = preSolution
		Debug|Any CPU = Debug|Any CPU
		Release|Any CPU = Release|Any CPU
	EndGlobalSection
	GlobalSection(ProjectConfigurationPlatforms) = postSolution
		{690BA38A-B475-4880-9932-FB9F462FBC41}.Debug|Any CPU.ActiveCfg = Debug|Any CPU
		{690BA38A-B475-4880-9932-FB9F462FBC41}.Debug|Any CPU.Build.0 = Debug|Any CPU
		{690BA38A-B475-4880-9932-FB9F462FBC41}.Release|Any CPU.ActiveCfg = Release|Any CPU
		{690BA38A-B475-4880-9932-FB9F462FBC41}.Release|Any CPU.Build.0 = Release|Any CPU
		{D1DD88B6-7359-4068-8BC6-B5EBB7E9033E}.Debug|Any CPU.ActiveCfg = Debug|Any CPU
		{D1DD88B6-7359-4068-8BC6-B5EBB7E9033E}.Debug|Any CPU.Build.0 = Debug|Any CPU
		{D1DD88B6-7359-4068-8BC6-B5EBB7E9033E}.Release|Any CPU.ActiveCfg = Release|Any CPU
		{D1DD88B6-7359-4068-8BC6-B5EBB7E9033E}.Release|Any CPU.Build.0 = Release|Any CPU
	EndGlobalSection
	GlobalSection(SolutionProperties) = preSolution
		HideSolutionNode = FALSE
	EndGlobalSection
	GlobalSection(ExtensibilityGlobals) = postSolution
		SolutionGuid = {5E37FEAA-3A7D-485C-B43F-4265A337999B}
	EndGlobalSection
EndGlobal
