
Microsoft Visual Studio Solution File, Format Version 12.00
# Visual Studio Version 17
VisualStudioVersion = 17.8.34330.188
MinimumVisualStudioVersion = 10.0.40219.1
Project("{FAE04EC0-301F-11D3-BF4B-00C04F79EFBC}") = "WPF_MultiLanguage_001", "WPF_MultiLanguage_001\WPF_MultiLanguage_001.csproj", "{D37FCCF0-4268-4940-B5B4-A67F53D3BBFB}"
EndProject
Global
	GlobalSection(SolutionConfigurationPlatforms) = preSolution
		Debug|Any CPU = Debug|Any CPU
		Release|Any CPU = Release|Any CPU
	EndGlobalSection
	GlobalSection(ProjectConfigurationPlatforms) = postSolution
		{D37FCCF0-4268-4940-B5B4-A67F53D3BBFB}.Debug|Any CPU.ActiveCfg = Debug|Any CPU
		{D37FCCF0-4268-4940-B5B4-A67F53D3BBFB}.Debug|Any CPU.Build.0 = Debug|Any CPU
		{D37FCCF0-4268-4940-B5B4-A67F53D3BBFB}.Release|Any CPU.ActiveCfg = Release|Any CPU
		{D37FCCF0-4268-4940-B5B4-A67F53D3BBFB}.Release|Any CPU.Build.0 = Release|Any CPU
	EndGlobalSection
	GlobalSection(SolutionProperties) = preSolution
		HideSolutionNode = FALSE
	EndGlobalSection
	GlobalSection(ExtensibilityGlobals) = postSolution
		SolutionGuid = {02CA5BF2-C3BA-4012-864E-43432F9E68E9}
	EndGlobalSection
EndGlobal
