
Microsoft Visual Studio Solution File, Format Version 12.00
# Visual Studio Version 17
VisualStudioVersion = 17.7.34031.279
MinimumVisualStudioVersion = 10.0.40219.1
Project("{FAE04EC0-301F-11D3-BF4B-00C04F79EFBC}") = "ProgressWindows_WinForm", "ProgressWindows_WinForm\ProgressWindows_WinForm.csproj", "{B7331539-B388-46DC-85DE-40B32CE98C2A}"
	ProjectSection(ProjectDependencies) = postProject
		{AB2C4FEC-B7AC-464E-BD4A-92F2C5CBAED5} = {AB2C4FEC-B7AC-464E-BD4A-92F2C5CBAED5}
	EndProjectSection
EndProject
Project("{8BC9CEB8-8B4A-11D0-8D11-00A0C91BC942}") = "ProgWork", "ProgWork\ProgWork.vcxproj", "{AB2C4FEC-B7AC-464E-BD4A-92F2C5CBAED5}"
EndProject
Global
	GlobalSection(SolutionConfigurationPlatforms) = preSolution
		Debug|Any CPU = Debug|Any CPU
		Debug|x64 = Debug|x64
		Debug|x86 = Debug|x86
		Release|Any CPU = Release|Any CPU
		Release|x64 = Release|x64
		Release|x86 = Release|x86
	EndGlobalSection
	GlobalSection(ProjectConfigurationPlatforms) = postSolution
		{B7331539-B388-46DC-85DE-40B32CE98C2A}.Debug|Any CPU.ActiveCfg = Debug|Any CPU
		{B7331539-B388-46DC-85DE-40B32CE98C2A}.Debug|Any CPU.Build.0 = Debug|Any CPU
		{B7331539-B388-46DC-85DE-40B32CE98C2A}.Debug|x64.ActiveCfg = Debug|Any CPU
		{B7331539-B388-46DC-85DE-40B32CE98C2A}.Debug|x64.Build.0 = Debug|Any CPU
		{B7331539-B388-46DC-85DE-40B32CE98C2A}.Debug|x86.ActiveCfg = Debug|Any CPU
		{B7331539-B388-46DC-85DE-40B32CE98C2A}.Debug|x86.Build.0 = Debug|Any CPU
		{B7331539-B388-46DC-85DE-40B32CE98C2A}.Release|Any CPU.ActiveCfg = Release|Any CPU
		{B7331539-B388-46DC-85DE-40B32CE98C2A}.Release|Any CPU.Build.0 = Release|Any CPU
		{B7331539-B388-46DC-85DE-40B32CE98C2A}.Release|x64.ActiveCfg = Release|Any CPU
		{B7331539-B388-46DC-85DE-40B32CE98C2A}.Release|x64.Build.0 = Release|Any CPU
		{B7331539-B388-46DC-85DE-40B32CE98C2A}.Release|x86.ActiveCfg = Release|Any CPU
		{B7331539-B388-46DC-85DE-40B32CE98C2A}.Release|x86.Build.0 = Release|Any CPU
		{AB2C4FEC-B7AC-464E-BD4A-92F2C5CBAED5}.Debug|Any CPU.ActiveCfg = Debug|x64
		{AB2C4FEC-B7AC-464E-BD4A-92F2C5CBAED5}.Debug|Any CPU.Build.0 = Debug|x64
		{AB2C4FEC-B7AC-464E-BD4A-92F2C5CBAED5}.Debug|x64.ActiveCfg = Debug|x64
		{AB2C4FEC-B7AC-464E-BD4A-92F2C5CBAED5}.Debug|x64.Build.0 = Debug|x64
		{AB2C4FEC-B7AC-464E-BD4A-92F2C5CBAED5}.Debug|x86.ActiveCfg = Debug|Win32
		{AB2C4FEC-B7AC-464E-BD4A-92F2C5CBAED5}.Debug|x86.Build.0 = Debug|Win32
		{AB2C4FEC-B7AC-464E-BD4A-92F2C5CBAED5}.Release|Any CPU.ActiveCfg = Release|x64
		{AB2C4FEC-B7AC-464E-BD4A-92F2C5CBAED5}.Release|Any CPU.Build.0 = Release|x64
		{AB2C4FEC-B7AC-464E-BD4A-92F2C5CBAED5}.Release|x64.ActiveCfg = Release|x64
		{AB2C4FEC-B7AC-464E-BD4A-92F2C5CBAED5}.Release|x64.Build.0 = Release|x64
		{AB2C4FEC-B7AC-464E-BD4A-92F2C5CBAED5}.Release|x86.ActiveCfg = Release|Win32
		{AB2C4FEC-B7AC-464E-BD4A-92F2C5CBAED5}.Release|x86.Build.0 = Release|Win32
	EndGlobalSection
	GlobalSection(SolutionProperties) = preSolution
		HideSolutionNode = FALSE
	EndGlobalSection
	GlobalSection(ExtensibilityGlobals) = postSolution
		SolutionGuid = {2FB135B1-3240-4B38-82A1-C3885A110D98}
	EndGlobalSection
EndGlobal
