
Microsoft Visual Studio Solution File, Format Version 12.00
# Visual Studio Version 17
VisualStudioVersion = 17.8.34330.188
MinimumVisualStudioVersion = 10.0.40219.1
Project("{FAE04EC0-301F-11D3-BF4B-00C04F79EFBC}") = "WPF_MultiLanguage_003", "WPF_MultiLanguage_003\WPF_MultiLanguage_003.csproj", "{D78F6CB9-AB54-4E6D-B2AF-C8ED05DF9FE9}"
EndProject
Global
	GlobalSection(SolutionConfigurationPlatforms) = preSolution
		Debug|Any CPU = Debug|Any CPU
		Release|Any CPU = Release|Any CPU
	EndGlobalSection
	GlobalSection(ProjectConfigurationPlatforms) = postSolution
		{D78F6CB9-AB54-4E6D-B2AF-C8ED05DF9FE9}.Debug|Any CPU.ActiveCfg = Debug|Any CPU
		{D78F6CB9-AB54-4E6D-B2AF-C8ED05DF9FE9}.Debug|Any CPU.Build.0 = Debug|Any CPU
		{D78F6CB9-AB54-4E6D-B2AF-C8ED05DF9FE9}.Release|Any CPU.ActiveCfg = Release|Any CPU
		{D78F6CB9-AB54-4E6D-B2AF-C8ED05DF9FE9}.Release|Any CPU.Build.0 = Release|Any CPU
	EndGlobalSection
	GlobalSection(SolutionProperties) = preSolution
		HideSolutionNode = FALSE
	EndGlobalSection
	GlobalSection(ExtensibilityGlobals) = postSolution
		SolutionGuid = {D532001F-95EA-4D42-B59B-F3537FA2C205}
	EndGlobalSection
EndGlobal
