
Microsoft Visual Studio Solution File, Format Version 12.00
# Visual Studio Version 17
VisualStudioVersion = 17.7.34031.279
MinimumVisualStudioVersion = 10.0.40219.1
Project("{FAE04EC0-301F-11D3-BF4B-00C04F79EFBC}") = "WebApplication1", "WebApplication1\WebApplication1.csproj", "{5DEF2819-6531-4219-AA81-B61E72CDC098}"
EndProject
Global
	GlobalSection(SolutionConfigurationPlatforms) = preSolution
		Debug|Any CPU = Debug|Any CPU
		Release|Any CPU = Release|Any CPU
	EndGlobalSection
	GlobalSection(ProjectConfigurationPlatforms) = postSolution
		{5DEF2819-6531-4219-AA81-B61E72CDC098}.Debug|Any CPU.ActiveCfg = Debug|Any CPU
		{5DEF2819-6531-4219-AA81-B61E72CDC098}.Debug|Any CPU.Build.0 = Debug|Any CPU
		{5DEF2819-6531-4219-AA81-B61E72CDC098}.Release|Any CPU.ActiveCfg = Release|Any CPU
		{5DEF2819-6531-4219-AA81-B61E72CDC098}.Release|Any CPU.Build.0 = Release|Any CPU
	EndGlobalSection
	GlobalSection(SolutionProperties) = preSolution
		HideSolutionNode = FALSE
	EndGlobalSection
	GlobalSection(ExtensibilityGlobals) = postSolution
		SolutionGuid = {DC4DE35C-3964-4A03-A96B-1367CF358011}
	EndGlobalSection
EndGlobal
