
Microsoft Visual Studio Solution File, Format Version 12.00
# Visual Studio Version 17
VisualStudioVersion = 17.13.35931.197 d17.13
MinimumVisualStudioVersion = 10.0.40219.1
Project("{FAE04EC0-301F-11D3-BF4B-00C04F79EFBC}") = "WPF_MultiWindow", "WPF_MultiWindow\WPF_MultiWindow.csproj", "{CA6BC249-6A4A-4729-A1C8-13858E967046}"
EndProject
Global
	GlobalSection(SolutionConfigurationPlatforms) = preSolution
		Debug|Any CPU = Debug|Any CPU
		Release|Any CPU = Release|Any CPU
	EndGlobalSection
	GlobalSection(ProjectConfigurationPlatforms) = postSolution
		{CA6BC249-6A4A-4729-A1C8-13858E967046}.Debug|Any CPU.ActiveCfg = Debug|Any CPU
		{CA6BC249-6A4A-4729-A1C8-13858E967046}.Debug|Any CPU.Build.0 = Debug|Any CPU
		{CA6BC249-6A4A-4729-A1C8-13858E967046}.Release|Any CPU.ActiveCfg = Release|Any CPU
		{CA6BC249-6A4A-4729-A1C8-13858E967046}.Release|Any CPU.Build.0 = Release|Any CPU
	EndGlobalSection
	GlobalSection(SolutionProperties) = preSolution
		HideSolutionNode = FALSE
	EndGlobalSection
	GlobalSection(ExtensibilityGlobals) = postSolution
		SolutionGuid = {F7908F5E-368E-40C3-AFAD-4C55F839C3CD}
	EndGlobalSection
EndGlobal
