
Microsoft Visual Studio Solution File, Format Version 12.00
# Visual Studio Version 16
VisualStudioVersion = 16.0.32002.261
MinimumVisualStudioVersion = 10.0.40219.1
Project("{FAE04EC0-301F-11D3-BF4B-00C04F79EFBC}") = "ContentWindow", "ContentWindow\ContentWindow.csproj", "{332B62A3-A987-412C-B24A-B360CBA6CACD}"
EndProject
Project("{FAE04EC0-301F-11D3-BF4B-00C04F79EFBC}") = "ContentWindow.Sample.GUI", "ContentWindow.Sample.GUI\ContentWindow.Sample.GUI.csproj", "{B24CE74C-EDB4-4BE5-98EF-4DBBFE29BF99}"
	ProjectSection(ProjectDependencies) = postProject
		{332B62A3-A987-412C-B24A-B360CBA6CACD} = {332B62A3-A987-412C-B24A-B360CBA6CACD}
	EndProjectSection
EndProject
Project("{2150E333-8FDC-42A3-9474-1A3956D46DE8}") = "Solution Items", "Solution Items", "{620D8BAD-1E81-4482-A53C-AFC6930F977C}"
	ProjectSection(SolutionItems) = preProject
		.editorconfig = .editorconfig
	EndProjectSection
EndProject
Project("{FAE04EC0-301F-11D3-BF4B-00C04F79EFBC}") = "ConentWindow.Core", "ConentWindow.Core\ConentWindow.Core.csproj", "{017FB3C4-85AD-4B19-9B5B-7F53019A8EA9}"
EndProject
Global
	GlobalSection(SolutionConfigurationPlatforms) = preSolution
		Debug|Any CPU = Debug|Any CPU
		Release|Any CPU = Release|Any CPU
	EndGlobalSection
	GlobalSection(ProjectConfigurationPlatforms) = postSolution
		{332B62A3-A987-412C-B24A-B360CBA6CACD}.Debug|Any CPU.ActiveCfg = Debug|Any CPU
		{332B62A3-A987-412C-B24A-B360CBA6CACD}.Debug|Any CPU.Build.0 = Debug|Any CPU
		{332B62A3-A987-412C-B24A-B360CBA6CACD}.Release|Any CPU.ActiveCfg = Release|Any CPU
		{332B62A3-A987-412C-B24A-B360CBA6CACD}.Release|Any CPU.Build.0 = Release|Any CPU
		{B24CE74C-EDB4-4BE5-98EF-4DBBFE29BF99}.Debug|Any CPU.ActiveCfg = Debug|Any CPU
		{B24CE74C-EDB4-4BE5-98EF-4DBBFE29BF99}.Debug|Any CPU.Build.0 = Debug|Any CPU
		{B24CE74C-EDB4-4BE5-98EF-4DBBFE29BF99}.Release|Any CPU.ActiveCfg = Release|Any CPU
		{B24CE74C-EDB4-4BE5-98EF-4DBBFE29BF99}.Release|Any CPU.Build.0 = Release|Any CPU
		{017FB3C4-85AD-4B19-9B5B-7F53019A8EA9}.Debug|Any CPU.ActiveCfg = Debug|Any CPU
		{017FB3C4-85AD-4B19-9B5B-7F53019A8EA9}.Debug|Any CPU.Build.0 = Debug|Any CPU
		{017FB3C4-85AD-4B19-9B5B-7F53019A8EA9}.Release|Any CPU.ActiveCfg = Release|Any CPU
		{017FB3C4-85AD-4B19-9B5B-7F53019A8EA9}.Release|Any CPU.Build.0 = Release|Any CPU
	EndGlobalSection
	GlobalSection(SolutionProperties) = preSolution
		HideSolutionNode = FALSE
	EndGlobalSection
	GlobalSection(ExtensibilityGlobals) = postSolution
		SolutionGuid = {2F202859-0638-4CDA-BC3A-9E36F46E0A98}
	EndGlobalSection
EndGlobal
