
Microsoft Visual Studio Solution File, Format Version 12.00
# Visual Studio Version 16
VisualStudioVersion = 16.0.34601.136
MinimumVisualStudioVersion = 10.0.40219.1
Project("{FAE04EC0-301F-11D3-BF4B-00C04F79EFBC}") = "ValueAndRefType_002", "ValueAndRefType_002\ValueAndRefType_002.csproj", "{9D634494-05E0-44BB-A1A0-AA6F2F9967EE}"
EndProject
Project("{FAE04EC0-301F-11D3-BF4B-00C04F79EFBC}") = "ValueAndRefType_001", "ValueAndRefType_001\ValueAndRefType_001.csproj", "{9AEDE44C-B370-4FED-9D09-D0F04B21ECF2}"
EndProject
Global
	GlobalSection(SolutionConfigurationPlatforms) = preSolution
		Debug|Any CPU = Debug|Any CPU
		Release|Any CPU = Release|Any CPU
	EndGlobalSection
	GlobalSection(ProjectConfigurationPlatforms) = postSolution
		{9D634494-05E0-44BB-A1A0-AA6F2F9967EE}.Debug|Any CPU.ActiveCfg = Debug|Any CPU
		{9D634494-05E0-44BB-A1A0-AA6F2F9967EE}.Debug|Any CPU.Build.0 = Debug|Any CPU
		{9D634494-05E0-44BB-A1A0-AA6F2F9967EE}.Release|Any CPU.ActiveCfg = Release|Any CPU
		{9D634494-05E0-44BB-A1A0-AA6F2F9967EE}.Release|Any CPU.Build.0 = Release|Any CPU
		{9AEDE44C-B370-4FED-9D09-D0F04B21ECF2}.Debug|Any CPU.ActiveCfg = Debug|Any CPU
		{9AEDE44C-B370-4FED-9D09-D0F04B21ECF2}.Debug|Any CPU.Build.0 = Debug|Any CPU
		{9AEDE44C-B370-4FED-9D09-D0F04B21ECF2}.Release|Any CPU.ActiveCfg = Release|Any CPU
		{9AEDE44C-B370-4FED-9D09-D0F04B21ECF2}.Release|Any CPU.Build.0 = Release|Any CPU
	EndGlobalSection
	GlobalSection(SolutionProperties) = preSolution
		HideSolutionNode = FALSE
	EndGlobalSection
	GlobalSection(ExtensibilityGlobals) = postSolution
		SolutionGuid = {5D3C31A4-F438-4DF2-A190-B0CF2C1BB910}
	EndGlobalSection
EndGlobal
