
Microsoft Visual Studio Solution File, Format Version 12.00
# Visual Studio Version 17
VisualStudioVersion = 17.7.34221.43
MinimumVisualStudioVersion = 10.0.40219.1
Project("{FAE04EC0-301F-11D3-BF4B-00C04F79EFBC}") = "FormFromDll", "FormFromDll\FormFromDll.csproj", "{C37368B3-9B80-48D3-A5A7-3FBD722E7DCA}"
EndProject
Project("{FAE04EC0-301F-11D3-BF4B-00C04F79EFBC}") = "DllForm", "DllForm\DllForm.csproj", "{B41A81A2-3892-4DB2-B98B-102137A063B7}"
EndProject
Global
	GlobalSection(SolutionConfigurationPlatforms) = preSolution
		Debug|Any CPU = Debug|Any CPU
		Release|Any CPU = Release|Any CPU
	EndGlobalSection
	GlobalSection(ProjectConfigurationPlatforms) = postSolution
		{C37368B3-9B80-48D3-A5A7-3FBD722E7DCA}.Debug|Any CPU.ActiveCfg = Debug|Any CPU
		{C37368B3-9B80-48D3-A5A7-3FBD722E7DCA}.Debug|Any CPU.Build.0 = Debug|Any CPU
		{C37368B3-9B80-48D3-A5A7-3FBD722E7DCA}.Release|Any CPU.ActiveCfg = Release|Any CPU
		{C37368B3-9B80-48D3-A5A7-3FBD722E7DCA}.Release|Any CPU.Build.0 = Release|Any CPU
		{B41A81A2-3892-4DB2-B98B-102137A063B7}.Debug|Any CPU.ActiveCfg = Debug|Any CPU
		{B41A81A2-3892-4DB2-B98B-102137A063B7}.Debug|Any CPU.Build.0 = Debug|Any CPU
		{B41A81A2-3892-4DB2-B98B-102137A063B7}.Release|Any CPU.ActiveCfg = Release|Any CPU
		{B41A81A2-3892-4DB2-B98B-102137A063B7}.Release|Any CPU.Build.0 = Release|Any CPU
	EndGlobalSection
	GlobalSection(SolutionProperties) = preSolution
		HideSolutionNode = FALSE
	EndGlobalSection
	GlobalSection(ExtensibilityGlobals) = postSolution
		SolutionGuid = {83918A22-9E8D-4921-A744-43673EDB834A}
	EndGlobalSection
EndGlobal
